
Microsoft Visual Studio Solution File, Format Version 11.00
# Visual Studio 2010
Project("{8BC9CEB8-8B4A-11D0-8D11-00A0C91BC942}") = "socket", "socket\socket.vcxproj", "{C5266D5D-3364-4AE3-85CC-16439ABDCBEE}"
EndProject
Project("{8BC9CEB8-8B4A-11D0-8D11-00A0C91BC942}") = "overlapped", "overlapped\overlapped.vcxproj", "{908A2F0D-5A3D-4DFC-B629-8DCF063BF1CE}"
EndProject
Project("{8BC9CEB8-8B4A-11D0-8D11-00A0C91BC942}") = "async_event", "async_event\async_event.vcxproj", "{B6CEBCFD-AAD0-47B3-BAA5-15F11ADDE126}"
EndProject
Project("{8BC9CEB8-8B4A-11D0-8D11-00A0C91BC942}") = "complete_routine", "complete_rountine\complete_routine.vcxproj", "{A83AAD7A-86DD-4734-9088-E990BE876058}"
EndProject
Project("{8BC9CEB8-8B4A-11D0-8D11-00A0C91BC942}") = "iocp", "iocp\iocp.vcxproj", "{8C3F9956-3A11-45CC-9DA3-F59715280AF4}"
EndProject
Project("{8BC9CEB8-8B4A-11D0-8D11-00A0C91BC942}") = "async_select", "async_select\async_select.vcxproj", "{1B86E10D-FAD9-4EB6-ACA7-D38ECAF2A264}"
EndProject
Global
	GlobalSection(SolutionConfigurationPlatforms) = preSolution
		Debug|Win32 = Debug|Win32
		Release|Win32 = Release|Win32
	EndGlobalSection
	GlobalSection(ProjectConfigurationPlatforms) = postSolution
		{C5266D5D-3364-4AE3-85CC-16439ABDCBEE}.Debug|Win32.ActiveCfg = Debug|Win32
		{C5266D5D-3364-4AE3-85CC-16439ABDCBEE}.Debug|Win32.Build.0 = Debug|Win32
		{C5266D5D-3364-4AE3-85CC-16439ABDCBEE}.Release|Win32.ActiveCfg = Release|Win32
		{C5266D5D-3364-4AE3-85CC-16439ABDCBEE}.Release|Win32.Build.0 = Release|Win32
		{908A2F0D-5A3D-4DFC-B629-8DCF063BF1CE}.Debug|Win32.ActiveCfg = Debug|Win32
		{908A2F0D-5A3D-4DFC-B629-8DCF063BF1CE}.Debug|Win32.Build.0 = Debug|Win32
		{908A2F0D-5A3D-4DFC-B629-8DCF063BF1CE}.Release|Win32.ActiveCfg = Release|Win32
		{908A2F0D-5A3D-4DFC-B629-8DCF063BF1CE}.Release|Win32.Build.0 = Release|Win32
		{B6CEBCFD-AAD0-47B3-BAA5-15F11ADDE126}.Debug|Win32.ActiveCfg = Debug|Win32
		{B6CEBCFD-AAD0-47B3-BAA5-15F11ADDE126}.Debug|Win32.Build.0 = Debug|Win32
		{B6CEBCFD-AAD0-47B3-BAA5-15F11ADDE126}.Release|Win32.ActiveCfg = Release|Win32
		{B6CEBCFD-AAD0-47B3-BAA5-15F11ADDE126}.Release|Win32.Build.0 = Release|Win32
		{A83AAD7A-86DD-4734-9088-E990BE876058}.Debug|Win32.ActiveCfg = Debug|Win32
		{A83AAD7A-86DD-4734-9088-E990BE876058}.Debug|Win32.Build.0 = Debug|Win32
		{A83AAD7A-86DD-4734-9088-E990BE876058}.Release|Win32.ActiveCfg = Release|Win32
		{A83AAD7A-86DD-4734-9088-E990BE876058}.Release|Win32.Build.0 = Release|Win32
		{8C3F9956-3A11-45CC-9DA3-F59715280AF4}.Debug|Win32.ActiveCfg = Debug|Win32
		{8C3F9956-3A11-45CC-9DA3-F59715280AF4}.Debug|Win32.Build.0 = Debug|Win32
		{8C3F9956-3A11-45CC-9DA3-F59715280AF4}.Release|Win32.ActiveCfg = Release|Win32
		{8C3F9956-3A11-45CC-9DA3-F59715280AF4}.Release|Win32.Build.0 = Release|Win32
		{1B86E10D-FAD9-4EB6-ACA7-D38ECAF2A264}.Debug|Win32.ActiveCfg = Debug|Win32
		{1B86E10D-FAD9-4EB6-ACA7-D38ECAF2A264}.Debug|Win32.Build.0 = Debug|Win32
		{1B86E10D-FAD9-4EB6-ACA7-D38ECAF2A264}.Release|Win32.ActiveCfg = Release|Win32
		{1B86E10D-FAD9-4EB6-ACA7-D38ECAF2A264}.Release|Win32.Build.0 = Release|Win32
	EndGlobalSection
	GlobalSection(SolutionProperties) = preSolution
		HideSolutionNode = FALSE
	EndGlobalSection
EndGlobal
